// !$*UTF8*$!
{
	archiveVersion = 1;
	classes = {
	};
	objectVersion = 50;
	objects = {

/* Begin PBXBuildFile section */
		DB06E6EE228D319D0081E3F8 /* AppDelegate.m in Sources */ = {isa = PBXBuildFile; fileRef = DB06E6ED228D319D0081E3F8 /* AppDelegate.m */; };
		DB06E6F1228D319D0081E3F8 /* ViewController.m in Sources */ = {isa = PBXBuildFile; fileRef = DB06E6F0228D319D0081E3F8 /* ViewController.m */; };
		DB06E6F4228D319D0081E3F8 /* Main.storyboard in Resources */ = {isa = PBXBuildFile; fileRef = DB06E6F2228D319D0081E3F8 /* Main.storyboard */; };
		DB06E6F6228D319E0081E3F8 /* Assets.xcassets in Resources */ = {isa = PBXBuildFile; fileRef = DB06E6F5228D319E0081E3F8 /* Assets.xcassets */; };
		DB06E6F9228D319E0081E3F8 /* LaunchScreen.storyboard in Resources */ = {isa = PBXBuildFile; fileRef = DB06E6F7228D319E0081E3F8 /* LaunchScreen.storyboard */; };
		DB06E6FC228D319E0081E3F8 /* main.m in Sources */ = {isa = PBXBuildFile; fileRef = DB06E6FB228D319E0081E3F8 /* main.m */; };
		DB06E747228D5CEA0081E3F8 /* FMDatabase+InMemoryOnDiskIO.m in Sources */ = {isa = PBXBuildFile; fileRef = DB06E730228D5CEA0081E3F8 /* FMDatabase+InMemoryOnDiskIO.m */; };
		DB06E748228D5CEA0081E3F8 /* FMDatabase+FTS3.m in Sources */ = {isa = PBXBuildFile; fileRef = DB06E732228D5CEA0081E3F8 /* FMDatabase+FTS3.m */; };
		DB06E749228D5CEA0081E3F8 /* FMTokenizers.m in Sources */ = {isa = PBXBuildFile; fileRef = DB06E734228D5CEA0081E3F8 /* FMTokenizers.m */; };
		DB06E74B228D5CEA0081E3F8 /* FMDatabaseQueue.m in Sources */ = {isa = PBXBuildFile; fileRef = DB06E73C228D5CEA0081E3F8 /* FMDatabaseQueue.m */; };
		DB06E74C228D5CEA0081E3F8 /* FMDatabaseAdditions.m in Sources */ = {isa = PBXBuildFile; fileRef = DB06E73F228D5CEA0081E3F8 /* FMDatabaseAdditions.m */; };
		DB06E74D228D5CEA0081E3F8 /* FMDatabase.m in Sources */ = {isa = PBXBuildFile; fileRef = DB06E740228D5CEA0081E3F8 /* FMDatabase.m */; };
		DB06E74E228D5CEA0081E3F8 /* FMDatabasePool.m in Sources */ = {isa = PBXBuildFile; fileRef = DB06E744228D5CEA0081E3F8 /* FMDatabasePool.m */; };
		DB06E74F228D5CEA0081E3F8 /* FMResultSet.m in Sources */ = {isa = PBXBuildFile; fileRef = DB06E745228D5CEA0081E3F8 /* FMResultSet.m */; };
		DB06E751228D61DA0081E3F8 /* libsqlite3.0.tbd in Frameworks */ = {isa = PBXBuildFile; fileRef = DB06E728228D35530081E3F8 /* libsqlite3.0.tbd */; };
/* End PBXBuildFile section */

/* Begin PBXFileReference section */
		DB06E6E9228D319D0081E3F8 /* FMDBDemo.app */ = {isa = PBXFileReference; explicitFileType = wrapper.application; includeInIndex = 0; path = FMDBDemo.app; sourceTree = BUILT_PRODUCTS_DIR; };
		DB06E6EC228D319D0081E3F8 /* AppDelegate.h */ = {isa = PBXFileReference; lastKnownFileType = sourcecode.c.h; path = AppDelegate.h; sourceTree = "<group>"; };
		DB06E6ED228D319D0081E3F8 /* AppDelegate.m */ = {isa = PBXFileReference; lastKnownFileType = sourcecode.c.objc; path = AppDelegate.m; sourceTree = "<group>"; };
		DB06E6EF228D319D0081E3F8 /* ViewController.h */ = {isa = PBXFileReference; lastKnownFileType = sourcecode.c.h; path = ViewController.h; sourceTree = "<group>"; };
		DB06E6F0228D319D0081E3F8 /* ViewController.m */ = {isa = PBXFileReference; lastKnownFileType = sourcecode.c.objc; path = ViewController.m; sourceTree = "<group>"; };
		DB06E6F3228D319D0081E3F8 /* Base */ = {isa = PBXFileReference; lastKnownFileType = file.storyboard; name = Base; path = Base.lproj/Main.storyboard; sourceTree = "<group>"; };
		DB06E6F5228D319E0081E3F8 /* Assets.xcassets */ = {isa = PBXFileReference; lastKnownFileType = folder.assetcatalog; path = Assets.xcassets; sourceTree = "<group>"; };
		DB06E6F8228D319E0081E3F8 /* Base */ = {isa = PBXFileReference; lastKnownFileType = file.storyboard; name = Base; path = Base.lproj/LaunchScreen.storyboard; sourceTree = "<group>"; };
		DB06E6FA228D319E0081E3F8 /* Info.plist */ = {isa = PBXFileReference; lastKnownFileType = text.plist.xml; path = Info.plist; sourceTree = "<group>"; };
		DB06E6FB228D319E0081E3F8 /* main.m */ = {isa = PBXFileReference; lastKnownFileType = sourcecode.c.objc; path = main.m; sourceTree = "<group>"; };
		DB06E728228D35530081E3F8 /* libsqlite3.0.tbd */ = {isa = PBXFileReference; lastKnownFileType = "sourcecode.text-based-dylib-definition"; name = libsqlite3.0.tbd; path = usr/lib/libsqlite3.0.tbd; sourceTree = SDKROOT; };
		DB06E72F228D5CEA0081E3F8 /* FMDatabase+InMemoryOnDiskIO.h */ = {isa = PBXFileReference; fileEncoding = 4; lastKnownFileType = sourcecode.c.h; path = "FMDatabase+InMemoryOnDiskIO.h"; sourceTree = "<group>"; };
		DB06E730228D5CEA0081E3F8 /* FMDatabase+InMemoryOnDiskIO.m */ = {isa = PBXFileReference; fileEncoding = 4; lastKnownFileType = sourcecode.c.objc; path = "FMDatabase+InMemoryOnDiskIO.m"; sourceTree = "<group>"; };
		DB06E732228D5CEA0081E3F8 /* FMDatabase+FTS3.m */ = {isa = PBXFileReference; fileEncoding = 4; lastKnownFileType = sourcecode.c.objc; path = "FMDatabase+FTS3.m"; sourceTree = "<group>"; };
		DB06E733228D5CEA0081E3F8 /* FMTokenizers.h */ = {isa = PBXFileReference; fileEncoding = 4; lastKnownFileType = sourcecode.c.h; path = FMTokenizers.h; sourceTree = "<group>"; };
		DB06E734228D5CEA0081E3F8 /* FMTokenizers.m */ = {isa = PBXFileReference; fileEncoding = 4; lastKnownFileType = sourcecode.c.objc; path = FMTokenizers.m; sourceTree = "<group>"; };
		DB06E735228D5CEA0081E3F8 /* FMDatabase+FTS3.h */ = {isa = PBXFileReference; fileEncoding = 4; lastKnownFileType = sourcecode.c.h; path = "FMDatabase+FTS3.h"; sourceTree = "<group>"; };
		DB06E736228D5CEA0081E3F8 /* fts3_tokenizer.h */ = {isa = PBXFileReference; fileEncoding = 4; lastKnownFileType = sourcecode.c.h; path = fts3_tokenizer.h; sourceTree = "<group>"; };
		DB06E73B228D5CEA0081E3F8 /* FMDatabase.h */ = {isa = PBXFileReference; fileEncoding = 4; lastKnownFileType = sourcecode.c.h; path = FMDatabase.h; sourceTree = "<group>"; };
		DB06E73C228D5CEA0081E3F8 /* FMDatabaseQueue.m */ = {isa = PBXFileReference; fileEncoding = 4; lastKnownFileType = sourcecode.c.objc; path = FMDatabaseQueue.m; sourceTree = "<group>"; };
		DB06E73D228D5CEA0081E3F8 /* FMResultSet.h */ = {isa = PBXFileReference; fileEncoding = 4; lastKnownFileType = sourcecode.c.h; path = FMResultSet.h; sourceTree = "<group>"; };
		DB06E73E228D5CEA0081E3F8 /* FMDatabasePool.h */ = {isa = PBXFileReference; fileEncoding = 4; lastKnownFileType = sourcecode.c.h; path = FMDatabasePool.h; sourceTree = "<group>"; };
		DB06E73F228D5CEA0081E3F8 /* FMDatabaseAdditions.m */ = {isa = PBXFileReference; fileEncoding = 4; lastKnownFileType = sourcecode.c.objc; path = FMDatabaseAdditions.m; sourceTree = "<group>"; };
		DB06E740228D5CEA0081E3F8 /* FMDatabase.m */ = {isa = PBXFileReference; fileEncoding = 4; lastKnownFileType = sourcecode.c.objc; path = FMDatabase.m; sourceTree = "<group>"; };
		DB06E741228D5CEA0081E3F8 /* FMDatabaseQueue.h */ = {isa = PBXFileReference; fileEncoding = 4; lastKnownFileType = sourcecode.c.h; path = FMDatabaseQueue.h; sourceTree = "<group>"; };
		DB06E742228D5CEA0081E3F8 /* FMDB.h */ = {isa = PBXFileReference; fileEncoding = 4; lastKnownFileType = sourcecode.c.h; path = FMDB.h; sourceTree = "<group>"; };
		DB06E743228D5CEA0081E3F8 /* FMDatabaseAdditions.h */ = {isa = PBXFileReference; fileEncoding = 4; lastKnownFileType = sourcecode.c.h; path = FMDatabaseAdditions.h; sourceTree = "<group>"; };
		DB06E744228D5CEA0081E3F8 /* FMDatabasePool.m */ = {isa = PBXFileReference; fileEncoding = 4; lastKnownFileType = sourcecode.c.objc; path = FMDatabasePool.m; sourceTree = "<group>"; };
		DB06E745228D5CEA0081E3F8 /* FMResultSet.m */ = {isa = PBXFileReference; fileEncoding = 4; lastKnownFileType = sourcecode.c.objc; path = FMResultSet.m; sourceTree = "<group>"; };
/* End PBXFileReference section */

/* Begin PBXFrameworksBuildPhase section */
		DB06E6E6228D319D0081E3F8 /* Frameworks */ = {
			isa = PBXFrameworksBuildPhase;
			buildActionMask = 2147483647;
			files = (
				DB06E751228D61DA0081E3F8 /* libsqlite3.0.tbd in Frameworks */,
			);
			runOnlyForDeploymentPostprocessing = 0;
		};
/* End PBXFrameworksBuildPhase section */

/* Begin PBXGroup section */
		DB06E6E0228D319D0081E3F8 = {
			isa = PBXGroup;
			children = (
				DB06E6EB228D319D0081E3F8 /* FMDBDemo */,
				DB06E6EA228D319D0081E3F8 /* Products */,
				DB06E727228D35520081E3F8 /* Frameworks */,
			);
			sourceTree = "<group>";
		};
		DB06E6EA228D319D0081E3F8 /* Products */ = {
			isa = PBXGroup;
			children = (
				DB06E6E9228D319D0081E3F8 /* FMDBDemo.app */,
			);
			name = Products;
			sourceTree = "<group>";
		};
		DB06E6EB228D319D0081E3F8 /* FMDBDemo */ = {
			isa = PBXGroup;
			children = (
				DB06E72C228D5CEA0081E3F8 /* src */,
				DB06E6EC228D319D0081E3F8 /* AppDelegate.h */,
				DB06E6ED228D319D0081E3F8 /* AppDelegate.m */,
				DB06E6EF228D319D0081E3F8 /* ViewController.h */,
				DB06E6F0228D319D0081E3F8 /* ViewController.m */,
				DB06E6F2228D319D0081E3F8 /* Main.storyboard */,
				DB06E6F5228D319E0081E3F8 /* Assets.xcassets */,
				DB06E6F7228D319E0081E3F8 /* LaunchScreen.storyboard */,
				DB06E6FA228D319E0081E3F8 /* Info.plist */,
				DB06E6FB228D319E0081E3F8 /* main.m */,
			);
			path = FMDBDemo;
			sourceTree = "<group>";
		};
		DB06E727228D35520081E3F8 /* Frameworks */ = {
			isa = PBXGroup;
			children = (
				DB06E728228D35530081E3F8 /* libsqlite3.0.tbd */,
			);
			name = Frameworks;
			sourceTree = "<group>";
		};
		DB06E72C228D5CEA0081E3F8 /* src */ = {
			isa = PBXGroup;
			children = (
				DB06E72D228D5CEA0081E3F8 /* extra */,
				DB06E73A228D5CEA0081E3F8 /* fmdb */,
			);
			path = src;
			sourceTree = "<group>";
		};
		DB06E72D228D5CEA0081E3F8 /* extra */ = {
			isa = PBXGroup;
			children = (
				DB06E72E228D5CEA0081E3F8 /* InMemoryOnDiskIO */,
				DB06E731228D5CEA0081E3F8 /* fts3 */,
			);
			path = extra;
			sourceTree = "<group>";
		};
		DB06E72E228D5CEA0081E3F8 /* InMemoryOnDiskIO */ = {
			isa = PBXGroup;
			children = (
				DB06E72F228D5CEA0081E3F8 /* FMDatabase+InMemoryOnDiskIO.h */,
				DB06E730228D5CEA0081E3F8 /* FMDatabase+InMemoryOnDiskIO.m */,
			);
			path = InMemoryOnDiskIO;
			sourceTree = "<group>";
		};
		DB06E731228D5CEA0081E3F8 /* fts3 */ = {
			isa = PBXGroup;
			children = (
				DB06E732228D5CEA0081E3F8 /* FMDatabase+FTS3.m */,
				DB06E733228D5CEA0081E3F8 /* FMTokenizers.h */,
				DB06E734228D5CEA0081E3F8 /* FMTokenizers.m */,
				DB06E735228D5CEA0081E3F8 /* FMDatabase+FTS3.h */,
				DB06E736228D5CEA0081E3F8 /* fts3_tokenizer.h */,
			);
			path = fts3;
			sourceTree = "<group>";
		};
		DB06E73A228D5CEA0081E3F8 /* fmdb */ = {
			isa = PBXGroup;
			children = (
				DB06E73B228D5CEA0081E3F8 /* FMDatabase.h */,
				DB06E73C228D5CEA0081E3F8 /* FMDatabaseQueue.m */,
				DB06E73D228D5CEA0081E3F8 /* FMResultSet.h */,
				DB06E73E228D5CEA0081E3F8 /* FMDatabasePool.h */,
				DB06E73F228D5CEA0081E3F8 /* FMDatabaseAdditions.m */,
				DB06E740228D5CEA0081E3F8 /* FMDatabase.m */,
				DB06E741228D5CEA0081E3F8 /* FMDatabaseQueue.h */,
				DB06E742228D5CEA0081E3F8 /* FMDB.h */,
				DB06E743228D5CEA0081E3F8 /* FMDatabaseAdditions.h */,
				DB06E744228D5CEA0081E3F8 /* FMDatabasePool.m */,
				DB06E745228D5CEA0081E3F8 /* FMResultSet.m */,
			);
			path = fmdb;
			sourceTree = "<group>";
		};
/* End PBXGroup section */

/* Begin PBXNativeTarget section */
		DB06E6E8228D319D0081E3F8 /* FMDBDemo */ = {
			isa = PBXNativeTarget;
			buildConfigurationList = DB06E6FF228D319E0081E3F8 /* Build configuration list for PBXNativeTarget "FMDBDemo" */;
			buildPhases = (
				DB06E6E5228D319D0081E3F8 /* Sources */,
				DB06E6E6228D319D0081E3F8 /* Frameworks */,
				DB06E6E7228D319D0081E3F8 /* Resources */,
			);
			buildRules = (
			);
			dependencies = (
			);
			name = FMDBDemo;
			productName = FMDBDemo;
			productReference = DB06E6E9228D319D0081E3F8 /* FMDBDemo.app */;
			productType = "com.apple.product-type.application";
		};
/* End PBXNativeTarget section */

/* Begin PBXProject section */
		DB06E6E1228D319D0081E3F8 /* Project object */ = {
			isa = PBXProject;
			attributes = {
				LastUpgradeCheck = 1020;
				ORGANIZATIONNAME = zw;
				TargetAttributes = {
					DB06E6E8228D319D0081E3F8 = {
						CreatedOnToolsVersion = 10.2.1;
					};
				};
			};
			buildConfigurationList = DB06E6E4228D319D0081E3F8 /* Build configuration list for PBXProject "FMDBDemo" */;
			compatibilityVersion = "Xcode 9.3";
			developmentRegion = en;
			hasScannedForEncodings = 0;
			knownRegions = (
				en,
				Base,
			);
			mainGroup = DB06E6E0228D319D0081E3F8;
			productRefGroup = DB06E6EA228D319D0081E3F8 /* Products */;
			projectDirPath = "";
			projectRoot = "";
			targets = (
				DB06E6E8228D319D0081E3F8 /* FMDBDemo */,
			);
		};
/* End PBXProject section */

/* Begin PBXResourcesBuildPhase section */
		DB06E6E7228D319D0081E3F8 /* Resources */ = {
			isa = PBXResourcesBuildPhase;
			buildActionMask = 2147483647;
			files = (
				DB06E6F9228D319E0081E3F8 /* LaunchScreen.storyboard in Resources */,
				DB06E6F6228D319E0081E3F8 /* Assets.xcassets in Resources */,
				DB06E6F4228D319D0081E3F8 /* Main.storyboard in Resources */,
			);
			runOnlyForDeploymentPostprocessing = 0;
		};
/* End PBXResourcesBuildPhase section */

/* Begin PBXSourcesBuildPhase section */
		DB06E6E5228D319D0081E3F8 /* Sources */ = {
			isa = PBXSourcesBuildPhase;
			buildActionMask = 2147483647;
			files = (
				DB06E6F1228D319D0081E3F8 /* ViewController.m in Sources */,
				DB06E74B228D5CEA0081E3F8 /* FMDatabaseQueue.m in Sources */,
				DB06E6FC228D319E0081E3F8 /* main.m in Sources */,
				DB06E74D228D5CEA0081E3F8 /* FMDatabase.m in Sources */,
				DB06E6EE228D319D0081E3F8 /* AppDelegate.m in Sources */,
				DB06E74E228D5CEA0081E3F8 /* FMDatabasePool.m in Sources */,
				DB06E74F228D5CEA0081E3F8 /* FMResultSet.m in Sources */,
				DB06E747228D5CEA0081E3F8 /* FMDatabase+InMemoryOnDiskIO.m in Sources */,
				DB06E74C228D5CEA0081E3F8 /* FMDatabaseAdditions.m in Sources */,
				DB06E749228D5CEA0081E3F8 /* FMTokenizers.m in Sources */,
				DB06E748228D5CEA0081E3F8 /* FMDatabase+FTS3.m in Sources */,
			);
			runOnlyForDeploymentPostprocessing = 0;
		};
/* End PBXSourcesBuildPhase section */

/* Begin PBXVariantGroup section */
		DB06E6F2228D319D0081E3F8 /* Main.storyboard */ = {
			isa = PBXVariantGroup;
			children = (
				DB06E6F3228D319D0081E3F8 /* Base */,
			);
			name = Main.storyboard;
			sourceTree = "<group>";
		};
		DB06E6F7228D319E0081E3F8 /* LaunchScreen.storyboard */ = {
			isa = PBXVariantGroup;
			children = (
				DB06E6F8228D319E0081E3F8 /* Base */,
			);
			name = LaunchScreen.storyboard;
			sourceTree = "<group>";
		};
/* End PBXVariantGroup section */

/* Begin XCBuildConfiguration section */
		DB06E6FD228D319E0081E3F8 /* Debug */ = {
			isa = XCBuildConfiguration;
			buildSettings = {
				ALWAYS_SEARCH_USER_PATHS = NO;
				CLANG_ANALYZER_NONNULL = YES;
				CLANG_ANALYZER_NUMBER_OBJECT_CONVERSION = YES_AGGRESSIVE;
				CLANG_CXX_LANGUAGE_STANDARD = "gnu++14";
				CLANG_CXX_LIBRARY = "libc++";
				CLANG_ENABLE_MODULES = YES;
				CLANG_ENABLE_OBJC_ARC = YES;
				CLANG_ENABLE_OBJC_WEAK = YES;
				CLANG_WARN_BLOCK_CAPTURE_AUTORELEASING = YES;
				CLANG_WARN_BOOL_CONVERSION = YES;
				CLANG_WARN_COMMA = YES;
				CLANG_WARN_CONSTANT_CONVERSION = YES;
				CLANG_WARN_DEPRECATED_OBJC_IMPLEMENTATIONS = YES;
				CLANG_WARN_DIRECT_OBJC_ISA_USAGE = YES_ERROR;
				CLANG_WARN_DOCUMENTATION_COMMENTS = YES;
				CLANG_WARN_EMPTY_BODY = YES;
				CLANG_WARN_ENUM_CONVERSION = YES;
				CLANG_WARN_INFINITE_RECURSION = YES;
				CLANG_WARN_INT_CONVERSION = YES;
				CLANG_WARN_NON_LITERAL_NULL_CONVERSION = YES;
				CLANG_WARN_OBJC_IMPLICIT_RETAIN_SELF = YES;
				CLANG_WARN_OBJC_LITERAL_CONVERSION = YES;
				CLANG_WARN_OBJC_ROOT_CLASS = YES_ERROR;
				CLANG_WARN_RANGE_LOOP_ANALYSIS = YES;
				CLANG_WARN_STRICT_PROTOTYPES = YES;
				CLANG_WARN_SUSPICIOUS_MOVE = YES;
				CLANG_WARN_UNGUARDED_AVAILABILITY = YES_AGGRESSIVE;
				CLANG_WARN_UNREACHABLE_CODE = YES;
				CLANG_WARN__DUPLICATE_METHOD_MATCH = YES;
				CODE_SIGN_IDENTITY = "iPhone Developer";
				COPY_PHASE_STRIP = NO;
				DEBUG_INFORMATION_FORMAT = dwarf;
				ENABLE_STRICT_OBJC_MSGSEND = YES;
				ENABLE_TESTABILITY = YES;
				GCC_C_LANGUAGE_STANDARD = gnu11;
				GCC_DYNAMIC_NO_PIC = NO;
				GCC_NO_COMMON_BLOCKS = YES;
				GCC_OPTIMIZATION_LEVEL = 0;
				GCC_PREPROCESSOR_DEFINITIONS = (
					"DEBUG=1",
					"$(inherited)",
				);
				GCC_WARN_64_TO_32_BIT_CONVERSION = YES;
				GCC_WARN_ABOUT_RETURN_TYPE = YES_ERROR;
				GCC_WARN_UNDECLARED_SELECTOR = YES;
				GCC_WARN_UNINITIALIZED_AUTOS = YES_AGGRESSIVE;
				GCC_WARN_UNUSED_FUNCTION = YES;
				GCC_WARN_UNUSED_VARIABLE = YES;
				IPHONEOS_DEPLOYMENT_TARGET = 12.2;
				MTL_ENABLE_DEBUG_INFO = INCLUDE_SOURCE;
				MTL_FAST_MATH = YES;
				ONLY_ACTIVE_ARCH = YES;
				SDKROOT = iphoneos;
			};
			name = Debug;
		};
		DB06E6FE228D319E0081E3F8 /* Release */ = {
			isa = XCBuildConfiguration;
			buildSettings = {
				ALWAYS_SEARCH_USER_PATHS = NO;
				CLANG_ANALYZER_NONNULL = YES;
				CLANG_ANALYZER_NUMBER_OBJECT_CONVERSION = YES_AGGRESSIVE;
				CLANG_CXX_LANGUAGE_STANDARD = "gnu++14";
				CLANG_CXX_LIBRARY = "libc++";
				CLANG_ENABLE_MODULES = YES;
				CLANG_ENABLE_OBJC_ARC = YES;
				CLANG_ENABLE_OBJC_WEAK = YES;
				CLANG_WARN_BLOCK_CAPTURE_AUTORELEASING = YES;
				CLANG_WARN_BOOL_CONVERSION = YES;
				CLANG_WARN_COMMA = YES;
				CLANG_WARN_CONSTANT_CONVERSION = YES;
				CLANG_WARN_DEPRECATED_OBJC_IMPLEMENTATIONS = YES;
				CLANG_WARN_DIRECT_OBJC_ISA_USAGE = YES_ERROR;
				CLANG_WARN_DOCUMENTATION_COMMENTS = YES;
				CLANG_WARN_EMPTY_BODY = YES;
				CLANG_WARN_ENUM_CONVERSION = YES;
				CLANG_WARN_INFINITE_RECURSION = YES;
				CLANG_WARN_INT_CONVERSION = YES;
				CLANG_WARN_NON_LITERAL_NULL_CONVERSION = YES;
				CLANG_WARN_OBJC_IMPLICIT_RETAIN_SELF = YES;
				CLANG_WARN_OBJC_LITERAL_CONVERSION = YES;
				CLANG_WARN_OBJC_ROOT_CLASS = YES_ERROR;
				CLANG_WARN_RANGE_LOOP_ANALYSIS = YES;
				CLANG_WARN_STRICT_PROTOTYPES = YES;
				CLANG_WARN_SUSPICIOUS_MOVE = YES;
				CLANG_WARN_UNGUARDED_AVAILABILITY = YES_AGGRESSIVE;
				CLANG_WARN_UNREACHABLE_CODE = YES;
				CLANG_WARN__DUPLICATE_METHOD_MATCH = YES;
				CODE_SIGN_IDENTITY = "iPhone Developer";
				COPY_PHASE_STRIP = NO;
				DEBUG_INFORMATION_FORMAT = "dwarf-with-dsym";
				ENABLE_NS_ASSERTIONS = NO;
				ENABLE_STRICT_OBJC_MSGSEND = YES;
				GCC_C_LANGUAGE_STANDARD = gnu11;
				GCC_NO_COMMON_BLOCKS = YES;
				GCC_WARN_64_TO_32_BIT_CONVERSION = YES;
				GCC_WARN_ABOUT_RETURN_TYPE = YES_ERROR;
				GCC_WARN_UNDECLARED_SELECTOR = YES;
				GCC_WARN_UNINITIALIZED_AUTOS = YES_AGGRESSIVE;
				GCC_WARN_UNUSED_FUNCTION = YES;
				GCC_WARN_UNUSED_VARIABLE = YES;
				IPHONEOS_DEPLOYMENT_TARGET = 12.2;
				MTL_ENABLE_DEBUG_INFO = NO;
				MTL_FAST_MATH = YES;
				SDKROOT = iphoneos;
				VALIDATE_PRODUCT = YES;
			};
			name = Release;
		};
		DB06E700228D319E0081E3F8 /* Debug */ = {
			isa = XCBuildConfiguration;
			buildSettings = {
				ASSETCATALOG_COMPILER_APPICON_NAME = AppIcon;
				CODE_SIGN_STYLE = Automatic;
				GCC_PREFIX_HEADER = "";
				INFOPLIST_FILE = FMDBDemo/Info.plist;
				IPHONEOS_DEPLOYMENT_TARGET = 9.0;
				LD_RUNPATH_SEARCH_PATHS = (
					"$(inherited)",
					"@executable_path/Frameworks",
				);
				PRODUCT_BUNDLE_IDENTIFIER = com.zw.FMDBDemo;
				PRODUCT_NAME = "$(TARGET_NAME)";
				TARGETED_DEVICE_FAMILY = 1;
			};
			name = Debug;
		};
		DB06E701228D319E0081E3F8 /* Release */ = {
			isa = XCBuildConfiguration;
			buildSettings = {
				ASSETCATALOG_COMPILER_APPICON_NAME = AppIcon;
				CODE_SIGN_STYLE = Automatic;
				GCC_PREFIX_HEADER = "";
				INFOPLIST_FILE = FMDBDemo/Info.plist;
				IPHONEOS_DEPLOYMENT_TARGET = 9.0;
				LD_RUNPATH_SEARCH_PATHS = (
					"$(inherited)",
					"@executable_path/Frameworks",
				);
				PRODUCT_BUNDLE_IDENTIFIER = com.zw.FMDBDemo;
				PRODUCT_NAME = "$(TARGET_NAME)";
				TARGETED_DEVICE_FAMILY = 1;
			};
			name = Release;
		};
/* End XCBuildConfiguration section */

/* Begin XCConfigurationList section */
		DB06E6E4228D319D0081E3F8 /* Build configuration list for PBXProject "FMDBDemo" */ = {
			isa = XCConfigurationList;
			buildConfigurations = (
				DB06E6FD228D319E0081E3F8 /* Debug */,
				DB06E6FE228D319E0081E3F8 /* Release */,
			);
			defaultConfigurationIsVisible = 0;
			defaultConfigurationName = Release;
		};
		DB06E6FF228D319E0081E3F8 /* Build configuration list for PBXNativeTarget "FMDBDemo" */ = {
			isa = XCConfigurationList;
			buildConfigurations = (
				DB06E700228D319E0081E3F8 /* Debug */,
				DB06E701228D319E0081E3F8 /* Release */,
			);
			defaultConfigurationIsVisible = 0;
			defaultConfigurationName = Release;
		};
/* End XCConfigurationList section */
	};
	rootObject = DB06E6E1228D319D0081E3F8 /* Project object */;
}
